
Microsoft Visual Studio Solution File, Format Version 12.00
# Visual Studio Version 17
VisualStudioVersion = 17.14.36401.2
MinimumVisualStudioVersion = 10.0.40219.1
Project("{FAE04EC0-301F-11D3-BF4B-00C04F79EFBC}") = "AvaloniaTestApp", "AvaloniaTestApp.csproj", "{EC80DF98-6F29-45A4-80BC-85250157D973}"
EndProject
Global
	GlobalSection(SolutionConfigurationPlatforms) = preSolution
		Debug|Any CPU = Debug|Any CPU
		Release|Any CPU = Release|Any CPU
	EndGlobalSection
	GlobalSection(ProjectConfigurationPlatforms) = postSolution
		{EC80DF98-6F29-45A4-80BC-85250157D973}.Debug|Any CPU.ActiveCfg = Debug|Any CPU
		{EC80DF98-6F29-45A4-80BC-85250157D973}.Debug|Any CPU.Build.0 = Debug|Any CPU
		{EC80DF98-6F29-45A4-80BC-85250157D973}.Release|Any CPU.ActiveCfg = Release|Any CPU
		{EC80DF98-6F29-45A4-80BC-85250157D973}.Release|Any CPU.Build.0 = Release|Any CPU
	EndGlobalSection
	GlobalSection(SolutionProperties) = preSolution
		HideSolutionNode = FALSE
	EndGlobalSection
	GlobalSection(ExtensibilityGlobals) = postSolution
		SolutionGuid = {668CAEFC-441A-44A7-8C33-378B7F08CA12}
	EndGlobalSection
EndGlobal
